
Microsoft Visual Studio Solution File, Format Version 12.00
# Visual Studio 15
VisualStudioVersion = 15.0.27703.2035
MinimumVisualStudioVersion = 10.0.40219.1
Project("{FAE04EC0-301F-11D3-BF4B-00C04F79EFBC}") = "AdventOfCode.Tests", "AdventOfCodeTests\AdventOfCode.Tests.csproj", "{CB07D950-BA86-4D6F-845C-8A460B84A37F}"
EndProject
Project("{FAE04EC0-301F-11D3-BF4B-00C04F79EFBC}") = "AdventOfCode", "AdventOfCode\AdventOfCode.csproj", "{1C0D463C-C1D0-4D2E-975E-4439E2C6CA02}"
EndProject
Global
	GlobalSection(SolutionConfigurationPlatforms) = preSolution
		Debug|Any CPU = Debug|Any CPU
		Release|Any CPU = Release|Any CPU
	EndGlobalSection
	GlobalSection(ProjectConfigurationPlatforms) = postSolution
		{CB07D950-BA86-4D6F-845C-8A460B84A37F}.Debug|Any CPU.ActiveCfg = Debug|Any CPU
		{CB07D950-BA86-4D6F-845C-8A460B84A37F}.Debug|Any CPU.Build.0 = Debug|Any CPU
		{CB07D950-BA86-4D6F-845C-8A460B84A37F}.Release|Any CPU.ActiveCfg = Release|Any CPU
		{CB07D950-BA86-4D6F-845C-8A460B84A37F}.Release|Any CPU.Build.0 = Release|Any CPU
		{1C0D463C-C1D0-4D2E-975E-4439E2C6CA02}.Debug|Any CPU.ActiveCfg = Debug|Any CPU
		{1C0D463C-C1D0-4D2E-975E-4439E2C6CA02}.Debug|Any CPU.Build.0 = Debug|Any CPU
		{1C0D463C-C1D0-4D2E-975E-4439E2C6CA02}.Release|Any CPU.ActiveCfg = Release|Any CPU
		{1C0D463C-C1D0-4D2E-975E-4439E2C6CA02}.Release|Any CPU.Build.0 = Release|Any CPU
	EndGlobalSection
	GlobalSection(SolutionProperties) = preSolution
		HideSolutionNode = FALSE
	EndGlobalSection
	GlobalSection(ExtensibilityGlobals) = postSolution
		SolutionGuid = {83D2F53D-A6E4-4033-8370-567BBF778697}
	EndGlobalSection
EndGlobal
